
Microsoft Visual Studio Solution File, Format Version 12.00
# Visual Studio Version 17
VisualStudioVersion = 17.5.002.0
MinimumVisualStudioVersion = 10.0.40219.1
Project("{2150E333-8FDC-42A3-9474-1A3956D46DE8}") = "prepare", "prepare", "{9B6D8D76-B88D-4BB1-8BED-5964C6A39943}"
EndProject
Project("{9A19103F-16F7-4668-BE54-9A1E7A4F7556}") = "Learning02", "prepare\Learning02\Learning02.csproj", "{CC9E43B4-6248-4ED1-902A-32B53F6DC4C2}"
EndProject
Project("{9A19103F-16F7-4668-BE54-9A1E7A4F7556}") = "Learning05", "prepare\Learning05\Learning05.csproj", "{07110E15-A209-4934-81B0-BF831D03A66F}"
EndProject
Project("{9A19103F-16F7-4668-BE54-9A1E7A4F7556}") = "Learning04", "prepare\Learning04\Learning04.csproj", "{FD2E7500-3835-487A-A8F4-AF3EBA25DF86}"
EndProject
Project("{9A19103F-16F7-4668-BE54-9A1E7A4F7556}") = "Learning03", "prepare\Learning03\Learning03.csproj", "{1CFFB5DA-7B05-4151-95C4-FDD58ACD8D2E}"
EndProject
Project("{2150E333-8FDC-42A3-9474-1A3956D46DE8}") = "prove", "prove", "{3653AEAD-A56A-40D4-9BFF-5154EF25510F}"
EndProject
Project("{9A19103F-16F7-4668-BE54-9A1E7A4F7556}") = "Develop03", "prove\Develop03\Develop03.csproj", "{7ABC3023-4950-4F59-921A-15D4A0FC87DD}"
EndProject
Project("{9A19103F-16F7-4668-BE54-9A1E7A4F7556}") = "Develop04", "prove\Develop04\Develop04.csproj", "{0BD5C5AF-2AFF-4FD5-AD75-701825E4642C}"
EndProject
Project("{9A19103F-16F7-4668-BE54-9A1E7A4F7556}") = "Develop05", "prove\Develop05\Develop05.csproj", "{4A524AD5-FB2E-4D10-BD14-66DBEA05F19E}"
EndProject
Project("{9A19103F-16F7-4668-BE54-9A1E7A4F7556}") = "Develop02", "prove\Develop02\Develop02.csproj", "{863DD725-4FC4-4BF8-A8E2-34E0BF4C8245}"
EndProject
Project("{2150E333-8FDC-42A3-9474-1A3956D46DE8}") = "sandbox", "sandbox", "{E9295336-4B84-4DE2-8BCD-8A82216F2937}"
EndProject
Project("{9A19103F-16F7-4668-BE54-9A1E7A4F7556}") = "Sandbox", "sandbox\Sandbox\Sandbox.csproj", "{EB52FCB7-370A-4845-829A-021BE6AE9B26}"
EndProject
Project("{2150E333-8FDC-42A3-9474-1A3956D46DE8}") = "final", "final", "{F1E4C283-7A59-4CF6-91BA-6BBA6A194334}"
EndProject
Project("{9A19103F-16F7-4668-BE54-9A1E7A4F7556}") = "FinalProject", "final\FinalProject\FinalProject.csproj", "{7E81493B-9592-489B-99D9-62E8AC80E0B0}"
EndProject
Project("{9A19103F-16F7-4668-BE54-9A1E7A4F7556}") = "Foundation1", "final\Foundation1\Foundation1.csproj", "{77ED1C64-0739-4B80-BDD7-7C28A9FB2410}"
EndProject
Project("{9A19103F-16F7-4668-BE54-9A1E7A4F7556}") = "Foundation4", "final\Foundation4\Foundation4.csproj", "{94EDA808-0D74-4BAE-BEBB-F75E1DC319CA}"
EndProject
Project("{9A19103F-16F7-4668-BE54-9A1E7A4F7556}") = "Foundation3", "final\Foundation3\Foundation3.csproj", "{DFA491B0-FDF4-420F-8ACE-F7B8A7F41156}"
EndProject
Project("{9A19103F-16F7-4668-BE54-9A1E7A4F7556}") = "Foundation2", "final\Foundation2\Foundation2.csproj", "{8DB0BEFA-176E-4178-8089-819D4D7D87DC}"
EndProject
Project("{2150E333-8FDC-42A3-9474-1A3956D46DE8}") = "csharp-prep", "csharp-prep", "{8AA55239-5E72-48EB-8B2F-4260721512EA}"
EndProject
Project("{9A19103F-16F7-4668-BE54-9A1E7A4F7556}") = "Prep1", "csharp-prep\Prep1\Prep1.csproj", "{4AFEEAE1-8F54-4D5C-AF05-2F0E3B14D043}"
EndProject
Project("{9A19103F-16F7-4668-BE54-9A1E7A4F7556}") = "Prep5", "csharp-prep\Prep5\Prep5.csproj", "{E39F4A88-8141-40EA-8164-BE904CA2BE8B}"
EndProject
Project("{9A19103F-16F7-4668-BE54-9A1E7A4F7556}") = "Prep2", "csharp-prep\Prep2\Prep2.csproj", "{4E99C7A8-4198-495D-BB5B-012F229C9312}"
EndProject
Project("{9A19103F-16F7-4668-BE54-9A1E7A4F7556}") = "Prep3", "csharp-prep\Prep3\Prep3.csproj", "{6F094094-832E-4CFD-B6FA-66087C19C5CD}"
EndProject
Project("{9A19103F-16F7-4668-BE54-9A1E7A4F7556}") = "Prep4", "csharp-prep\Prep4\Prep4.csproj", "{4B380B81-DB0F-4930-9492-A4AA51DC37E4}"
EndProject
Global
	GlobalSection(SolutionConfigurationPlatforms) = preSolution
		Debug|Any CPU = Debug|Any CPU
		Release|Any CPU = Release|Any CPU
	EndGlobalSection
	GlobalSection(ProjectConfigurationPlatforms) = postSolution
		{CC9E43B4-6248-4ED1-902A-32B53F6DC4C2}.Debug|Any CPU.ActiveCfg = Debug|Any CPU
		{CC9E43B4-6248-4ED1-902A-32B53F6DC4C2}.Debug|Any CPU.Build.0 = Debug|Any CPU
		{CC9E43B4-6248-4ED1-902A-32B53F6DC4C2}.Release|Any CPU.ActiveCfg = Release|Any CPU
		{CC9E43B4-6248-4ED1-902A-32B53F6DC4C2}.Release|Any CPU.Build.0 = Release|Any CPU
		{07110E15-A209-4934-81B0-BF831D03A66F}.Debug|Any CPU.ActiveCfg = Debug|Any CPU
		{07110E15-A209-4934-81B0-BF831D03A66F}.Debug|Any CPU.Build.0 = Debug|Any CPU
		{07110E15-A209-4934-81B0-BF831D03A66F}.Release|Any CPU.ActiveCfg = Release|Any CPU
		{07110E15-A209-4934-81B0-BF831D03A66F}.Release|Any CPU.Build.0 = Release|Any CPU
		{FD2E7500-3835-487A-A8F4-AF3EBA25DF86}.Debug|Any CPU.ActiveCfg = Debug|Any CPU
		{FD2E7500-3835-487A-A8F4-AF3EBA25DF86}.Debug|Any CPU.Build.0 = Debug|Any CPU
		{FD2E7500-3835-487A-A8F4-AF3EBA25DF86}.Release|Any CPU.ActiveCfg = Release|Any CPU
		{FD2E7500-3835-487A-A8F4-AF3EBA25DF86}.Release|Any CPU.Build.0 = Release|Any CPU
		{1CFFB5DA-7B05-4151-95C4-FDD58ACD8D2E}.Debug|Any CPU.ActiveCfg = Debug|Any CPU
		{1CFFB5DA-7B05-4151-95C4-FDD58ACD8D2E}.Debug|Any CPU.Build.0 = Debug|Any CPU
		{1CFFB5DA-7B05-4151-95C4-FDD58ACD8D2E}.Release|Any CPU.ActiveCfg = Release|Any CPU
		{1CFFB5DA-7B05-4151-95C4-FDD58ACD8D2E}.Release|Any CPU.Build.0 = Release|Any CPU
		{7ABC3023-4950-4F59-921A-15D4A0FC87DD}.Debug|Any CPU.ActiveCfg = Debug|Any CPU
		{7ABC3023-4950-4F59-921A-15D4A0FC87DD}.Debug|Any CPU.Build.0 = Debug|Any CPU
		{7ABC3023-4950-4F59-921A-15D4A0FC87DD}.Release|Any CPU.ActiveCfg = Release|Any CPU
		{7ABC3023-4950-4F59-921A-15D4A0FC87DD}.Release|Any CPU.Build.0 = Release|Any CPU
		{0BD5C5AF-2AFF-4FD5-AD75-701825E4642C}.Debug|Any CPU.ActiveCfg = Debug|Any CPU
		{0BD5C5AF-2AFF-4FD5-AD75-701825E4642C}.Debug|Any CPU.Build.0 = Debug|Any CPU
		{0BD5C5AF-2AFF-4FD5-AD75-701825E4642C}.Release|Any CPU.ActiveCfg = Release|Any CPU
		{0BD5C5AF-2AFF-4FD5-AD75-701825E4642C}.Release|Any CPU.Build.0 = Release|Any CPU
		{4A524AD5-FB2E-4D10-BD14-66DBEA05F19E}.Debug|Any CPU.ActiveCfg = Debug|Any CPU
		{4A524AD5-FB2E-4D10-BD14-66DBEA05F19E}.Debug|Any CPU.Build.0 = Debug|Any CPU
		{4A524AD5-FB2E-4D10-BD14-66DBEA05F19E}.Release|Any CPU.ActiveCfg = Release|Any CPU
		{4A524AD5-FB2E-4D10-BD14-66DBEA05F19E}.Release|Any CPU.Build.0 = Release|Any CPU
		{863DD725-4FC4-4BF8-A8E2-34E0BF4C8245}.Debug|Any CPU.ActiveCfg = Debug|Any CPU
		{863DD725-4FC4-4BF8-A8E2-34E0BF4C8245}.Debug|Any CPU.Build.0 = Debug|Any CPU
		{863DD725-4FC4-4BF8-A8E2-34E0BF4C8245}.Release|Any CPU.ActiveCfg = Release|Any CPU
		{863DD725-4FC4-4BF8-A8E2-34E0BF4C8245}.Release|Any CPU.Build.0 = Release|Any CPU
		{EB52FCB7-370A-4845-829A-021BE6AE9B26}.Debug|Any CPU.ActiveCfg = Debug|Any CPU
		{EB52FCB7-370A-4845-829A-021BE6AE9B26}.Debug|Any CPU.Build.0 = Debug|Any CPU
		{EB52FCB7-370A-4845-829A-021BE6AE9B26}.Release|Any CPU.ActiveCfg = Release|Any CPU
		{EB52FCB7-370A-4845-829A-021BE6AE9B26}.Release|Any CPU.Build.0 = Release|Any CPU
		{7E81493B-9592-489B-99D9-62E8AC80E0B0}.Debug|Any CPU.ActiveCfg = Debug|Any CPU
		{7E81493B-9592-489B-99D9-62E8AC80E0B0}.Debug|Any CPU.Build.0 = Debug|Any CPU
		{7E81493B-9592-489B-99D9-62E8AC80E0B0}.Release|Any CPU.ActiveCfg = Release|Any CPU
		{7E81493B-9592-489B-99D9-62E8AC80E0B0}.Release|Any CPU.Build.0 = Release|Any CPU
		{77ED1C64-0739-4B80-BDD7-7C28A9FB2410}.Debug|Any CPU.ActiveCfg = Debug|Any CPU
		{77ED1C64-0739-4B80-BDD7-7C28A9FB2410}.Debug|Any CPU.Build.0 = Debug|Any CPU
		{77ED1C64-0739-4B80-BDD7-7C28A9FB2410}.Release|Any CPU.ActiveCfg = Release|Any CPU
		{77ED1C64-0739-4B80-BDD7-7C28A9FB2410}.Release|Any CPU.Build.0 = Release|Any CPU
		{94EDA808-0D74-4BAE-BEBB-F75E1DC319CA}.Debug|Any CPU.ActiveCfg = Debug|Any CPU
		{94EDA808-0D74-4BAE-BEBB-F75E1DC319CA}.Debug|Any CPU.Build.0 = Debug|Any CPU
		{94EDA808-0D74-4BAE-BEBB-F75E1DC319CA}.Release|Any CPU.ActiveCfg = Release|Any CPU
		{94EDA808-0D74-4BAE-BEBB-F75E1DC319CA}.Release|Any CPU.Build.0 = Release|Any CPU
		{DFA491B0-FDF4-420F-8ACE-F7B8A7F41156}.Debug|Any CPU.ActiveCfg = Debug|Any CPU
		{DFA491B0-FDF4-420F-8ACE-F7B8A7F41156}.Debug|Any CPU.Build.0 = Debug|Any CPU
		{DFA491B0-FDF4-420F-8ACE-F7B8A7F41156}.Release|Any CPU.ActiveCfg = Release|Any CPU
		{DFA491B0-FDF4-420F-8ACE-F7B8A7F41156}.Release|Any CPU.Build.0 = Release|Any CPU
		{8DB0BEFA-176E-4178-8089-819D4D7D87DC}.Debug|Any CPU.ActiveCfg = Debug|Any CPU
		{8DB0BEFA-176E-4178-8089-819D4D7D87DC}.Debug|Any CPU.Build.0 = Debug|Any CPU
		{8DB0BEFA-176E-4178-8089-819D4D7D87DC}.Release|Any CPU.ActiveCfg = Release|Any CPU
		{8DB0BEFA-176E-4178-8089-819D4D7D87DC}.Release|Any CPU.Build.0 = Release|Any CPU
		{4AFEEAE1-8F54-4D5C-AF05-2F0E3B14D043}.Debug|Any CPU.ActiveCfg = Debug|Any CPU
		{4AFEEAE1-8F54-4D5C-AF05-2F0E3B14D043}.Debug|Any CPU.Build.0 = Debug|Any CPU
		{4AFEEAE1-8F54-4D5C-AF05-2F0E3B14D043}.Release|Any CPU.ActiveCfg = Release|Any CPU
		{4AFEEAE1-8F54-4D5C-AF05-2F0E3B14D043}.Release|Any CPU.Build.0 = Release|Any CPU
		{E39F4A88-8141-40EA-8164-BE904CA2BE8B}.Debug|Any CPU.ActiveCfg = Debug|Any CPU
		{E39F4A88-8141-40EA-8164-BE904CA2BE8B}.Debug|Any CPU.Build.0 = Debug|Any CPU
		{E39F4A88-8141-40EA-8164-BE904CA2BE8B}.Release|Any CPU.ActiveCfg = Release|Any CPU
		{E39F4A88-8141-40EA-8164-BE904CA2BE8B}.Release|Any CPU.Build.0 = Release|Any CPU
		{4E99C7A8-4198-495D-BB5B-012F229C9312}.Debug|Any CPU.ActiveCfg = Debug|Any CPU
		{4E99C7A8-4198-495D-BB5B-012F229C9312}.Debug|Any CPU.Build.0 = Debug|Any CPU
		{4E99C7A8-4198-495D-BB5B-012F229C9312}.Release|Any CPU.ActiveCfg = Release|Any CPU
		{4E99C7A8-4198-495D-BB5B-012F229C9312}.Release|Any CPU.Build.0 = Release|Any CPU
		{6F094094-832E-4CFD-B6FA-66087C19C5CD}.Debug|Any CPU.ActiveCfg = Debug|Any CPU
		{6F094094-832E-4CFD-B6FA-66087C19C5CD}.Debug|Any CPU.Build.0 = Debug|Any CPU
		{6F094094-832E-4CFD-B6FA-66087C19C5CD}.Release|Any CPU.ActiveCfg = Release|Any CPU
		{6F094094-832E-4CFD-B6FA-66087C19C5CD}.Release|Any CPU.Build.0 = Release|Any CPU
		{4B380B81-DB0F-4930-9492-A4AA51DC37E4}.Debug|Any CPU.ActiveCfg = Debug|Any CPU
		{4B380B81-DB0F-4930-9492-A4AA51DC37E4}.Debug|Any CPU.Build.0 = Debug|Any CPU
		{4B380B81-DB0F-4930-9492-A4AA51DC37E4}.Release|Any CPU.ActiveCfg = Release|Any CPU
		{4B380B81-DB0F-4930-9492-A4AA51DC37E4}.Release|Any CPU.Build.0 = Release|Any CPU
	EndGlobalSection
	GlobalSection(SolutionProperties) = preSolution
		HideSolutionNode = FALSE
	EndGlobalSection
	GlobalSection(NestedProjects) = preSolution
		{CC9E43B4-6248-4ED1-902A-32B53F6DC4C2} = {9B6D8D76-B88D-4BB1-8BED-5964C6A39943}
		{07110E15-A209-4934-81B0-BF831D03A66F} = {9B6D8D76-B88D-4BB1-8BED-5964C6A39943}
		{FD2E7500-3835-487A-A8F4-AF3EBA25DF86} = {9B6D8D76-B88D-4BB1-8BED-5964C6A39943}
		{1CFFB5DA-7B05-4151-95C4-FDD58ACD8D2E} = {9B6D8D76-B88D-4BB1-8BED-5964C6A39943}
		{7ABC3023-4950-4F59-921A-15D4A0FC87DD} = {3653AEAD-A56A-40D4-9BFF-5154EF25510F}
		{0BD5C5AF-2AFF-4FD5-AD75-701825E4642C} = {3653AEAD-A56A-40D4-9BFF-5154EF25510F}
		{4A524AD5-FB2E-4D10-BD14-66DBEA05F19E} = {3653AEAD-A56A-40D4-9BFF-5154EF25510F}
		{863DD725-4FC4-4BF8-A8E2-34E0BF4C8245} = {3653AEAD-A56A-40D4-9BFF-5154EF25510F}
		{EB52FCB7-370A-4845-829A-021BE6AE9B26} = {E9295336-4B84-4DE2-8BCD-8A82216F2937}
		{7E81493B-9592-489B-99D9-62E8AC80E0B0} = {F1E4C283-7A59-4CF6-91BA-6BBA6A194334}
		{77ED1C64-0739-4B80-BDD7-7C28A9FB2410} = {F1E4C283-7A59-4CF6-91BA-6BBA6A194334}
		{94EDA808-0D74-4BAE-BEBB-F75E1DC319CA} = {F1E4C283-7A59-4CF6-91BA-6BBA6A194334}
		{DFA491B0-FDF4-420F-8ACE-F7B8A7F41156} = {F1E4C283-7A59-4CF6-91BA-6BBA6A194334}
		{8DB0BEFA-176E-4178-8089-819D4D7D87DC} = {F1E4C283-7A59-4CF6-91BA-6BBA6A194334}
		{4AFEEAE1-8F54-4D5C-AF05-2F0E3B14D043} = {8AA55239-5E72-48EB-8B2F-4260721512EA}
		{E39F4A88-8141-40EA-8164-BE904CA2BE8B} = {8AA55239-5E72-48EB-8B2F-4260721512EA}
		{4E99C7A8-4198-495D-BB5B-012F229C9312} = {8AA55239-5E72-48EB-8B2F-4260721512EA}
		{6F094094-832E-4CFD-B6FA-66087C19C5CD} = {8AA55239-5E72-48EB-8B2F-4260721512EA}
		{4B380B81-DB0F-4930-9492-A4AA51DC37E4} = {8AA55239-5E72-48EB-8B2F-4260721512EA}
	EndGlobalSection
	GlobalSection(ExtensibilityGlobals) = postSolution
		SolutionGuid = {1D253FE6-736F-4EBC-8A5B-8A96AFE25218}
	EndGlobalSection
EndGlobal
